
Microsoft Visual Studio Solution File, Format Version 12.00
# Visual Studio Version 16
VisualStudioVersion = 16.0.31729.503
MinimumVisualStudioVersion = 10.0.40219.1
Project("{FAE04EC0-301F-11D3-BF4B-00C04F79EFBC}") = "islem16", "islem16\islem16.csproj", "{1D7BE989-2C82-4C8E-9324-84D79EAC8CE8}"
EndProject
Global
	GlobalSection(SolutionConfigurationPlatforms) = preSolution
		Debug|Any CPU = Debug|Any CPU
		Release|Any CPU = Release|Any CPU
	EndGlobalSection
	GlobalSection(ProjectConfigurationPlatforms) = postSolution
		{1D7BE989-2C82-4C8E-9324-84D79EAC8CE8}.Debug|Any CPU.ActiveCfg = Debug|Any CPU
		{1D7BE989-2C82-4C8E-9324-84D79EAC8CE8}.Debug|Any CPU.Build.0 = Debug|Any CPU
		{1D7BE989-2C82-4C8E-9324-84D79EAC8CE8}.Release|Any CPU.ActiveCfg = Release|Any CPU
		{1D7BE989-2C82-4C8E-9324-84D79EAC8CE8}.Release|Any CPU.Build.0 = Release|Any CPU
	EndGlobalSection
	GlobalSection(SolutionProperties) = preSolution
		HideSolutionNode = FALSE
	EndGlobalSection
	GlobalSection(ExtensibilityGlobals) = postSolution
		SolutionGuid = {1A4558DA-ABBE-4020-A3A7-10C011496E91}
	EndGlobalSection
EndGlobal
