
Microsoft Visual Studio Solution File, Format Version 12.00
# Visual Studio Version 16
VisualStudioVersion = 16.0.32002.261
MinimumVisualStudioVersion = 10.0.40219.1
Project("{FAE04EC0-301F-11D3-BF4B-00C04F79EFBC}") = "WindowsFormsApp1", "WindowsFormsApp1.csproj", "{D28CCECA-608C-4378-A9C6-299BA948C800}"
EndProject
Global
	GlobalSection(SolutionConfigurationPlatforms) = preSolution
		Debug|Any CPU = Debug|Any CPU
		Release|Any CPU = Release|Any CPU
	EndGlobalSection
	GlobalSection(ProjectConfigurationPlatforms) = postSolution
		{D28CCECA-608C-4378-A9C6-299BA948C800}.Debug|Any CPU.ActiveCfg = Debug|Any CPU
		{D28CCECA-608C-4378-A9C6-299BA948C800}.Debug|Any CPU.Build.0 = Debug|Any CPU
		{D28CCECA-608C-4378-A9C6-299BA948C800}.Release|Any CPU.ActiveCfg = Release|Any CPU
		{D28CCECA-608C-4378-A9C6-299BA948C800}.Release|Any CPU.Build.0 = Release|Any CPU
	EndGlobalSection
	GlobalSection(SolutionProperties) = preSolution
		HideSolutionNode = FALSE
	EndGlobalSection
	GlobalSection(ExtensibilityGlobals) = postSolution
		SolutionGuid = {F3972FC0-9B52-4965-B442-22D05CA89959}
	EndGlobalSection
EndGlobal
