
Microsoft Visual Studio Solution File, Format Version 12.00
# Visual Studio Version 16
VisualStudioVersion = 16.0.32002.261
MinimumVisualStudioVersion = 10.0.40219.1
Project("{FAE04EC0-301F-11D3-BF4B-00C04F79EFBC}") = "Proje35", "Proje35.csproj", "{0D865558-B624-4165-844D-9C43F3D1C910}"
EndProject
Global
	GlobalSection(SolutionConfigurationPlatforms) = preSolution
		Debug|Any CPU = Debug|Any CPU
		Release|Any CPU = Release|Any CPU
	EndGlobalSection
	GlobalSection(ProjectConfigurationPlatforms) = postSolution
		{0D865558-B624-4165-844D-9C43F3D1C910}.Debug|Any CPU.ActiveCfg = Debug|Any CPU
		{0D865558-B624-4165-844D-9C43F3D1C910}.Debug|Any CPU.Build.0 = Debug|Any CPU
		{0D865558-B624-4165-844D-9C43F3D1C910}.Release|Any CPU.ActiveCfg = Release|Any CPU
		{0D865558-B624-4165-844D-9C43F3D1C910}.Release|Any CPU.Build.0 = Release|Any CPU
	EndGlobalSection
	GlobalSection(SolutionProperties) = preSolution
		HideSolutionNode = FALSE
	EndGlobalSection
	GlobalSection(ExtensibilityGlobals) = postSolution
		SolutionGuid = {5EE0DB5C-3E36-4B97-B2CF-327253FC59CB}
	EndGlobalSection
EndGlobal
