
Microsoft Visual Studio Solution File, Format Version 12.00
# Visual Studio Version 16
VisualStudioVersion = 16.0.31729.503
MinimumVisualStudioVersion = 10.0.40219.1
Project("{FAE04EC0-301F-11D3-BF4B-00C04F79EFBC}") = "islem14", "islem14\islem14.csproj", "{1337B733-CAB5-46E9-9E96-D2A9796774FD}"
EndProject
Global
	GlobalSection(SolutionConfigurationPlatforms) = preSolution
		Debug|Any CPU = Debug|Any CPU
		Release|Any CPU = Release|Any CPU
	EndGlobalSection
	GlobalSection(ProjectConfigurationPlatforms) = postSolution
		{1337B733-CAB5-46E9-9E96-D2A9796774FD}.Debug|Any CPU.ActiveCfg = Debug|Any CPU
		{1337B733-CAB5-46E9-9E96-D2A9796774FD}.Debug|Any CPU.Build.0 = Debug|Any CPU
		{1337B733-CAB5-46E9-9E96-D2A9796774FD}.Release|Any CPU.ActiveCfg = Release|Any CPU
		{1337B733-CAB5-46E9-9E96-D2A9796774FD}.Release|Any CPU.Build.0 = Release|Any CPU
	EndGlobalSection
	GlobalSection(SolutionProperties) = preSolution
		HideSolutionNode = FALSE
	EndGlobalSection
	GlobalSection(ExtensibilityGlobals) = postSolution
		SolutionGuid = {D6148946-C337-4617-AE8C-982D84EC3A5B}
	EndGlobalSection
EndGlobal
