
Microsoft Visual Studio Solution File, Format Version 12.00
# Visual Studio Version 16
VisualStudioVersion = 16.0.31729.503
MinimumVisualStudioVersion = 10.0.40219.1
Project("{FAE04EC0-301F-11D3-BF4B-00C04F79EFBC}") = "Proje26", "Proje26\Proje26.csproj", "{4C38FA5F-821D-4369-95C4-4A210B9B6639}"
EndProject
Global
	GlobalSection(SolutionConfigurationPlatforms) = preSolution
		Debug|Any CPU = Debug|Any CPU
		Release|Any CPU = Release|Any CPU
	EndGlobalSection
	GlobalSection(ProjectConfigurationPlatforms) = postSolution
		{4C38FA5F-821D-4369-95C4-4A210B9B6639}.Debug|Any CPU.ActiveCfg = Debug|Any CPU
		{4C38FA5F-821D-4369-95C4-4A210B9B6639}.Debug|Any CPU.Build.0 = Debug|Any CPU
		{4C38FA5F-821D-4369-95C4-4A210B9B6639}.Release|Any CPU.ActiveCfg = Release|Any CPU
		{4C38FA5F-821D-4369-95C4-4A210B9B6639}.Release|Any CPU.Build.0 = Release|Any CPU
	EndGlobalSection
	GlobalSection(SolutionProperties) = preSolution
		HideSolutionNode = FALSE
	EndGlobalSection
	GlobalSection(ExtensibilityGlobals) = postSolution
		SolutionGuid = {70192FA2-6CFD-4A76-8E8C-DE8CB4E71CFA}
	EndGlobalSection
EndGlobal
