
Microsoft Visual Studio Solution File, Format Version 12.00
# Visual Studio Version 17
VisualStudioVersion = 17.3.32825.248
MinimumVisualStudioVersion = 10.0.40219.1
Project("{FAE04EC0-301F-11D3-BF4B-00C04F79EFBC}") = "WindowsFormsApp3", "WindowsFormsApp3\WindowsFormsApp3.csproj", "{E52F8718-CE6A-4686-AE67-583D3AB66BD3}"
EndProject
Global
	GlobalSection(SolutionConfigurationPlatforms) = preSolution
		Debug|Any CPU = Debug|Any CPU
		Release|Any CPU = Release|Any CPU
	EndGlobalSection
	GlobalSection(ProjectConfigurationPlatforms) = postSolution
		{E52F8718-CE6A-4686-AE67-583D3AB66BD3}.Debug|Any CPU.ActiveCfg = Debug|Any CPU
		{E52F8718-CE6A-4686-AE67-583D3AB66BD3}.Debug|Any CPU.Build.0 = Debug|Any CPU
		{E52F8718-CE6A-4686-AE67-583D3AB66BD3}.Release|Any CPU.ActiveCfg = Release|Any CPU
		{E52F8718-CE6A-4686-AE67-583D3AB66BD3}.Release|Any CPU.Build.0 = Release|Any CPU
	EndGlobalSection
	GlobalSection(SolutionProperties) = preSolution
		HideSolutionNode = FALSE
	EndGlobalSection
	GlobalSection(ExtensibilityGlobals) = postSolution
		SolutionGuid = {92191274-3F0D-4B55-B5A5-932C2AA73E44}
	EndGlobalSection
EndGlobal
