
Microsoft Visual Studio Solution File, Format Version 12.00
# Visual Studio 15
VisualStudioVersion = 15.0.28307.1705
MinimumVisualStudioVersion = 10.0.40219.1
Project("{FAE04EC0-301F-11D3-BF4B-00C04F79EFBC}") = "Telefon Rehberi", "Telefon Rehberi\Telefon Rehberi.csproj", "{9BA7B9BE-5FFC-456C-9427-1BD7C4AC23C0}"
EndProject
Global
	GlobalSection(SolutionConfigurationPlatforms) = preSolution
		Debug|Any CPU = Debug|Any CPU
		Release|Any CPU = Release|Any CPU
	EndGlobalSection
	GlobalSection(ProjectConfigurationPlatforms) = postSolution
		{9BA7B9BE-5FFC-456C-9427-1BD7C4AC23C0}.Debug|Any CPU.ActiveCfg = Debug|Any CPU
		{9BA7B9BE-5FFC-456C-9427-1BD7C4AC23C0}.Debug|Any CPU.Build.0 = Debug|Any CPU
		{9BA7B9BE-5FFC-456C-9427-1BD7C4AC23C0}.Release|Any CPU.ActiveCfg = Release|Any CPU
		{9BA7B9BE-5FFC-456C-9427-1BD7C4AC23C0}.Release|Any CPU.Build.0 = Release|Any CPU
	EndGlobalSection
	GlobalSection(SolutionProperties) = preSolution
		HideSolutionNode = FALSE
	EndGlobalSection
	GlobalSection(ExtensibilityGlobals) = postSolution
		SolutionGuid = {75F31940-82E1-4E1E-8203-90F33BDB7985}
	EndGlobalSection
EndGlobal
