
Microsoft Visual Studio Solution File, Format Version 11.00
# Visual Studio 2010
Project("{FAE04EC0-301F-11D3-BF4B-00C04F79EFBC}") = "forornegi", "forornegi\forornegi.csproj", "{7847877A-1992-4FF8-86BA-AF879DAEF256}"
EndProject
Global
	GlobalSection(SolutionConfigurationPlatforms) = preSolution
		Debug|x86 = Debug|x86
		Release|x86 = Release|x86
	EndGlobalSection
	GlobalSection(ProjectConfigurationPlatforms) = postSolution
		{7847877A-1992-4FF8-86BA-AF879DAEF256}.Debug|x86.ActiveCfg = Debug|x86
		{7847877A-1992-4FF8-86BA-AF879DAEF256}.Debug|x86.Build.0 = Debug|x86
		{7847877A-1992-4FF8-86BA-AF879DAEF256}.Release|x86.ActiveCfg = Release|x86
		{7847877A-1992-4FF8-86BA-AF879DAEF256}.Release|x86.Build.0 = Release|x86
	EndGlobalSection
	GlobalSection(SolutionProperties) = preSolution
		HideSolutionNode = FALSE
	EndGlobalSection
EndGlobal
