
Microsoft Visual Studio Solution File, Format Version 12.00
# Visual Studio Version 16
VisualStudioVersion = 16.0.31729.503
MinimumVisualStudioVersion = 10.0.40219.1
Project("{FAE04EC0-301F-11D3-BF4B-00C04F79EFBC}") = "Proje27", "Proje27\Proje27.csproj", "{9AFC30F7-AF36-4BF0-8010-93F0E8FD20EC}"
EndProject
Global
	GlobalSection(SolutionConfigurationPlatforms) = preSolution
		Debug|Any CPU = Debug|Any CPU
		Release|Any CPU = Release|Any CPU
	EndGlobalSection
	GlobalSection(ProjectConfigurationPlatforms) = postSolution
		{9AFC30F7-AF36-4BF0-8010-93F0E8FD20EC}.Debug|Any CPU.ActiveCfg = Debug|Any CPU
		{9AFC30F7-AF36-4BF0-8010-93F0E8FD20EC}.Debug|Any CPU.Build.0 = Debug|Any CPU
		{9AFC30F7-AF36-4BF0-8010-93F0E8FD20EC}.Release|Any CPU.ActiveCfg = Release|Any CPU
		{9AFC30F7-AF36-4BF0-8010-93F0E8FD20EC}.Release|Any CPU.Build.0 = Release|Any CPU
	EndGlobalSection
	GlobalSection(SolutionProperties) = preSolution
		HideSolutionNode = FALSE
	EndGlobalSection
	GlobalSection(ExtensibilityGlobals) = postSolution
		SolutionGuid = {7CA823B8-CCF0-41BC-B788-8ED5AC32766A}
	EndGlobalSection
EndGlobal
