
Microsoft Visual Studio Solution File, Format Version 12.00
# Visual Studio Version 16
VisualStudioVersion = 16.0.31729.503
MinimumVisualStudioVersion = 10.0.40219.1
Project("{FAE04EC0-301F-11D3-BF4B-00C04F79EFBC}") = "islem3", "islem3\islem3.csproj", "{337E9A7B-97C1-4B65-B08A-8BC967FB3558}"
EndProject
Global
	GlobalSection(SolutionConfigurationPlatforms) = preSolution
		Debug|Any CPU = Debug|Any CPU
		Release|Any CPU = Release|Any CPU
	EndGlobalSection
	GlobalSection(ProjectConfigurationPlatforms) = postSolution
		{337E9A7B-97C1-4B65-B08A-8BC967FB3558}.Debug|Any CPU.ActiveCfg = Debug|Any CPU
		{337E9A7B-97C1-4B65-B08A-8BC967FB3558}.Debug|Any CPU.Build.0 = Debug|Any CPU
		{337E9A7B-97C1-4B65-B08A-8BC967FB3558}.Release|Any CPU.ActiveCfg = Release|Any CPU
		{337E9A7B-97C1-4B65-B08A-8BC967FB3558}.Release|Any CPU.Build.0 = Release|Any CPU
	EndGlobalSection
	GlobalSection(SolutionProperties) = preSolution
		HideSolutionNode = FALSE
	EndGlobalSection
	GlobalSection(ExtensibilityGlobals) = postSolution
		SolutionGuid = {8D7E023A-2297-48C9-82C5-0FF702C2BE28}
	EndGlobalSection
EndGlobal
