
Microsoft Visual Studio Solution File, Format Version 12.00
# Visual Studio Version 16
VisualStudioVersion = 16.0.31729.503
MinimumVisualStudioVersion = 10.0.40219.1
Project("{FAE04EC0-301F-11D3-BF4B-00C04F79EFBC}") = "Proje28", "Proje28\Proje28.csproj", "{CBA22072-68CA-4252-A369-848734DC9C27}"
EndProject
Global
	GlobalSection(SolutionConfigurationPlatforms) = preSolution
		Debug|Any CPU = Debug|Any CPU
		Release|Any CPU = Release|Any CPU
	EndGlobalSection
	GlobalSection(ProjectConfigurationPlatforms) = postSolution
		{CBA22072-68CA-4252-A369-848734DC9C27}.Debug|Any CPU.ActiveCfg = Debug|Any CPU
		{CBA22072-68CA-4252-A369-848734DC9C27}.Debug|Any CPU.Build.0 = Debug|Any CPU
		{CBA22072-68CA-4252-A369-848734DC9C27}.Release|Any CPU.ActiveCfg = Release|Any CPU
		{CBA22072-68CA-4252-A369-848734DC9C27}.Release|Any CPU.Build.0 = Release|Any CPU
	EndGlobalSection
	GlobalSection(SolutionProperties) = preSolution
		HideSolutionNode = FALSE
	EndGlobalSection
	GlobalSection(ExtensibilityGlobals) = postSolution
		SolutionGuid = {04A63BE5-7E03-4621-865D-C1DF915E5978}
	EndGlobalSection
EndGlobal
