
Microsoft Visual Studio Solution File, Format Version 12.00
# Visual Studio Version 17
VisualStudioVersion = 17.3.32825.248
MinimumVisualStudioVersion = 10.0.40219.1
Project("{FAE04EC0-301F-11D3-BF4B-00C04F79EFBC}") = "Deneme", "Deneme\Deneme.csproj", "{10D89C7F-16D4-4823-9B78-4D9FFC681B06}"
EndProject
Global
	GlobalSection(SolutionConfigurationPlatforms) = preSolution
		Debug|Any CPU = Debug|Any CPU
		Release|Any CPU = Release|Any CPU
	EndGlobalSection
	GlobalSection(ProjectConfigurationPlatforms) = postSolution
		{10D89C7F-16D4-4823-9B78-4D9FFC681B06}.Debug|Any CPU.ActiveCfg = Debug|Any CPU
		{10D89C7F-16D4-4823-9B78-4D9FFC681B06}.Debug|Any CPU.Build.0 = Debug|Any CPU
		{10D89C7F-16D4-4823-9B78-4D9FFC681B06}.Release|Any CPU.ActiveCfg = Release|Any CPU
		{10D89C7F-16D4-4823-9B78-4D9FFC681B06}.Release|Any CPU.Build.0 = Release|Any CPU
	EndGlobalSection
	GlobalSection(SolutionProperties) = preSolution
		HideSolutionNode = FALSE
	EndGlobalSection
	GlobalSection(ExtensibilityGlobals) = postSolution
		SolutionGuid = {B5D9BA75-1AB6-4465-9E86-F26A5E70ACCC}
	EndGlobalSection
EndGlobal
