
Microsoft Visual Studio Solution File, Format Version 12.00
# Visual Studio Version 16
VisualStudioVersion = 16.0.31729.503
MinimumVisualStudioVersion = 10.0.40219.1
Project("{FAE04EC0-301F-11D3-BF4B-00C04F79EFBC}") = "Proje32", "Proje32\Proje32.csproj", "{9C18F1E5-28BD-4DE4-942B-24D3E6E45A26}"
EndProject
Global
	GlobalSection(SolutionConfigurationPlatforms) = preSolution
		Debug|Any CPU = Debug|Any CPU
		Release|Any CPU = Release|Any CPU
	EndGlobalSection
	GlobalSection(ProjectConfigurationPlatforms) = postSolution
		{9C18F1E5-28BD-4DE4-942B-24D3E6E45A26}.Debug|Any CPU.ActiveCfg = Debug|Any CPU
		{9C18F1E5-28BD-4DE4-942B-24D3E6E45A26}.Debug|Any CPU.Build.0 = Debug|Any CPU
		{9C18F1E5-28BD-4DE4-942B-24D3E6E45A26}.Release|Any CPU.ActiveCfg = Release|Any CPU
		{9C18F1E5-28BD-4DE4-942B-24D3E6E45A26}.Release|Any CPU.Build.0 = Release|Any CPU
	EndGlobalSection
	GlobalSection(SolutionProperties) = preSolution
		HideSolutionNode = FALSE
	EndGlobalSection
	GlobalSection(ExtensibilityGlobals) = postSolution
		SolutionGuid = {D710926D-3153-45B5-B103-A6A327A21C88}
	EndGlobalSection
EndGlobal
