
Microsoft Visual Studio Solution File, Format Version 12.00
# Visual Studio Version 17
VisualStudioVersion = 17.3.32825.248
MinimumVisualStudioVersion = 10.0.40219.1
Project("{FAE04EC0-301F-11D3-BF4B-00C04F79EFBC}") = "Deneme1235", "Deneme1235\Deneme1235.csproj", "{F50A25E2-F41E-42ED-A000-34DFF7099DE7}"
EndProject
Global
	GlobalSection(SolutionConfigurationPlatforms) = preSolution
		Debug|Any CPU = Debug|Any CPU
		Release|Any CPU = Release|Any CPU
	EndGlobalSection
	GlobalSection(ProjectConfigurationPlatforms) = postSolution
		{F50A25E2-F41E-42ED-A000-34DFF7099DE7}.Debug|Any CPU.ActiveCfg = Debug|Any CPU
		{F50A25E2-F41E-42ED-A000-34DFF7099DE7}.Debug|Any CPU.Build.0 = Debug|Any CPU
		{F50A25E2-F41E-42ED-A000-34DFF7099DE7}.Release|Any CPU.ActiveCfg = Release|Any CPU
		{F50A25E2-F41E-42ED-A000-34DFF7099DE7}.Release|Any CPU.Build.0 = Release|Any CPU
	EndGlobalSection
	GlobalSection(SolutionProperties) = preSolution
		HideSolutionNode = FALSE
	EndGlobalSection
	GlobalSection(ExtensibilityGlobals) = postSolution
		SolutionGuid = {20991BA0-B363-4965-A7B8-B54CEA725D13}
	EndGlobalSection
EndGlobal
