
Microsoft Visual Studio Solution File, Format Version 12.00
# Visual Studio Version 16
VisualStudioVersion = 16.0.31729.503
MinimumVisualStudioVersion = 10.0.40219.1
Project("{FAE04EC0-301F-11D3-BF4B-00C04F79EFBC}") = "islem15", "islem15\islem15.csproj", "{CC2EC218-A641-43F5-A209-80FF4C33BA49}"
EndProject
Global
	GlobalSection(SolutionConfigurationPlatforms) = preSolution
		Debug|Any CPU = Debug|Any CPU
		Release|Any CPU = Release|Any CPU
	EndGlobalSection
	GlobalSection(ProjectConfigurationPlatforms) = postSolution
		{CC2EC218-A641-43F5-A209-80FF4C33BA49}.Debug|Any CPU.ActiveCfg = Debug|Any CPU
		{CC2EC218-A641-43F5-A209-80FF4C33BA49}.Debug|Any CPU.Build.0 = Debug|Any CPU
		{CC2EC218-A641-43F5-A209-80FF4C33BA49}.Release|Any CPU.ActiveCfg = Release|Any CPU
		{CC2EC218-A641-43F5-A209-80FF4C33BA49}.Release|Any CPU.Build.0 = Release|Any CPU
	EndGlobalSection
	GlobalSection(SolutionProperties) = preSolution
		HideSolutionNode = FALSE
	EndGlobalSection
	GlobalSection(ExtensibilityGlobals) = postSolution
		SolutionGuid = {F151F624-1985-4E5A-8201-D5A027EDCCD1}
	EndGlobalSection
EndGlobal
