
Microsoft Visual Studio Solution File, Format Version 12.00
# Visual Studio Version 16
VisualStudioVersion = 16.0.31729.503
MinimumVisualStudioVersion = 10.0.40219.1
Project("{FAE04EC0-301F-11D3-BF4B-00C04F79EFBC}") = "islem10", "islem10\islem10.csproj", "{505325FE-2747-498F-9715-962221D8D904}"
EndProject
Global
	GlobalSection(SolutionConfigurationPlatforms) = preSolution
		Debug|Any CPU = Debug|Any CPU
		Release|Any CPU = Release|Any CPU
	EndGlobalSection
	GlobalSection(ProjectConfigurationPlatforms) = postSolution
		{505325FE-2747-498F-9715-962221D8D904}.Debug|Any CPU.ActiveCfg = Debug|Any CPU
		{505325FE-2747-498F-9715-962221D8D904}.Debug|Any CPU.Build.0 = Debug|Any CPU
		{505325FE-2747-498F-9715-962221D8D904}.Release|Any CPU.ActiveCfg = Release|Any CPU
		{505325FE-2747-498F-9715-962221D8D904}.Release|Any CPU.Build.0 = Release|Any CPU
	EndGlobalSection
	GlobalSection(SolutionProperties) = preSolution
		HideSolutionNode = FALSE
	EndGlobalSection
	GlobalSection(ExtensibilityGlobals) = postSolution
		SolutionGuid = {6FE7E09C-114B-47FB-9E02-CDA256E15B4B}
	EndGlobalSection
EndGlobal
