
Microsoft Visual Studio Solution File, Format Version 12.00
# Visual Studio Version 16
VisualStudioVersion = 16.0.31729.503
MinimumVisualStudioVersion = 10.0.40219.1
Project("{FAE04EC0-301F-11D3-BF4B-00C04F79EFBC}") = "islem4", "islem4\islem4.csproj", "{AB8C0ED5-8144-4B38-ADF6-42D5142B18C7}"
EndProject
Global
	GlobalSection(SolutionConfigurationPlatforms) = preSolution
		Debug|Any CPU = Debug|Any CPU
		Release|Any CPU = Release|Any CPU
	EndGlobalSection
	GlobalSection(ProjectConfigurationPlatforms) = postSolution
		{AB8C0ED5-8144-4B38-ADF6-42D5142B18C7}.Debug|Any CPU.ActiveCfg = Debug|Any CPU
		{AB8C0ED5-8144-4B38-ADF6-42D5142B18C7}.Debug|Any CPU.Build.0 = Debug|Any CPU
		{AB8C0ED5-8144-4B38-ADF6-42D5142B18C7}.Release|Any CPU.ActiveCfg = Release|Any CPU
		{AB8C0ED5-8144-4B38-ADF6-42D5142B18C7}.Release|Any CPU.Build.0 = Release|Any CPU
	EndGlobalSection
	GlobalSection(SolutionProperties) = preSolution
		HideSolutionNode = FALSE
	EndGlobalSection
	GlobalSection(ExtensibilityGlobals) = postSolution
		SolutionGuid = {4F87C884-453A-4A1E-B4E4-55C9ACC8A3FD}
	EndGlobalSection
EndGlobal
