
Microsoft Visual Studio Solution File, Format Version 12.00
# Visual Studio Version 16
VisualStudioVersion = 16.0.31729.503
MinimumVisualStudioVersion = 10.0.40219.1
Project("{FAE04EC0-301F-11D3-BF4B-00C04F79EFBC}") = "Proje23", "Proje23\Proje23.csproj", "{79267556-964B-470E-91D0-04D2A23A7946}"
EndProject
Global
	GlobalSection(SolutionConfigurationPlatforms) = preSolution
		Debug|Any CPU = Debug|Any CPU
		Release|Any CPU = Release|Any CPU
	EndGlobalSection
	GlobalSection(ProjectConfigurationPlatforms) = postSolution
		{79267556-964B-470E-91D0-04D2A23A7946}.Debug|Any CPU.ActiveCfg = Debug|Any CPU
		{79267556-964B-470E-91D0-04D2A23A7946}.Debug|Any CPU.Build.0 = Debug|Any CPU
		{79267556-964B-470E-91D0-04D2A23A7946}.Release|Any CPU.ActiveCfg = Release|Any CPU
		{79267556-964B-470E-91D0-04D2A23A7946}.Release|Any CPU.Build.0 = Release|Any CPU
	EndGlobalSection
	GlobalSection(SolutionProperties) = preSolution
		HideSolutionNode = FALSE
	EndGlobalSection
	GlobalSection(ExtensibilityGlobals) = postSolution
		SolutionGuid = {A18D67AD-0EF6-43EB-AAE3-40C45D6F83E2}
	EndGlobalSection
EndGlobal
