
Microsoft Visual Studio Solution File, Format Version 12.00
# Visual Studio Version 16
VisualStudioVersion = 16.0.32002.261
MinimumVisualStudioVersion = 10.0.40219.1
Project("{FAE04EC0-301F-11D3-BF4B-00C04F79EFBC}") = "projeprocess", "projeprocess.csproj", "{C7AC40CD-14CE-4243-B2CA-5E04378D8F5E}"
EndProject
Global
	GlobalSection(SolutionConfigurationPlatforms) = preSolution
		Debug|Any CPU = Debug|Any CPU
		Release|Any CPU = Release|Any CPU
	EndGlobalSection
	GlobalSection(ProjectConfigurationPlatforms) = postSolution
		{C7AC40CD-14CE-4243-B2CA-5E04378D8F5E}.Debug|Any CPU.ActiveCfg = Debug|Any CPU
		{C7AC40CD-14CE-4243-B2CA-5E04378D8F5E}.Debug|Any CPU.Build.0 = Debug|Any CPU
		{C7AC40CD-14CE-4243-B2CA-5E04378D8F5E}.Release|Any CPU.ActiveCfg = Release|Any CPU
		{C7AC40CD-14CE-4243-B2CA-5E04378D8F5E}.Release|Any CPU.Build.0 = Release|Any CPU
	EndGlobalSection
	GlobalSection(SolutionProperties) = preSolution
		HideSolutionNode = FALSE
	EndGlobalSection
	GlobalSection(ExtensibilityGlobals) = postSolution
		SolutionGuid = {F681D077-9FE8-4391-9B5F-B102F902298A}
	EndGlobalSection
EndGlobal
